// !$*UTF8*$!
{
	archiveVersion = 1;
	classes = {
	};
	objectVersion = 48;
	objects = {

/* Begin PBXBuildFile section */
		222D8B47200C463E00362D8C /* ViewControllerPasscode.swift in Sources */ = {isa = PBXBuildFile; fileRef = 222D8B46200C463E00362D8C /* ViewControllerPasscode.swift */; };
		228E2C7E1FCB92450009619C /* ViewControllerHowToBegin.swift in Sources */ = {isa = PBXBuildFile; fileRef = 228E2C7D1FCB92450009619C /* ViewControllerHowToBegin.swift */; };
		22A1B52D200D1EEE00D7A311 /* CryptoSwift.framework in Frameworks */ = {isa = PBXBuildFile; fileRef = 22A1B529200D1EDE00D7A311 /* CryptoSwift.framework */; };
		22A1B52F200D1EFA00D7A311 /* CryptoSwift.framework in Embed Frameworks */ = {isa = PBXBuildFile; fileRef = 22A1B529200D1EDE00D7A311 /* CryptoSwift.framework */; settings = {ATTRIBUTES = (CodeSignOnCopy, RemoveHeadersOnCopy, ); }; };
		22B41DC11FCC827B00EE4CFE /* Supplement.swift in Sources */ = {isa = PBXBuildFile; fileRef = 22B41DC01FCC827B00EE4CFE /* Supplement.swift */; };
		22FC0CC21FA654930006EE08 /* ViewControllerMain.swift in Sources */ = {isa = PBXBuildFile; fileRef = 22FC0CC11FA654930006EE08 /* ViewControllerMain.swift */; };
		34BEF4781F8D65F1009C9F7D /* AppDelegate.swift in Sources */ = {isa = PBXBuildFile; fileRef = 34BEF4771F8D65F1009C9F7D /* AppDelegate.swift */; };
		34BEF47F1F8D65F1009C9F7D /* Assets.xcassets in Resources */ = {isa = PBXBuildFile; fileRef = 34BEF47E1F8D65F1009C9F7D /* Assets.xcassets */; };
		34BEF48D1F8D65F1009C9F7D /* fucntionalMedicineDraftTests.swift in Sources */ = {isa = PBXBuildFile; fileRef = 34BEF48C1F8D65F1009C9F7D /* fucntionalMedicineDraftTests.swift */; };
		CC4DB0DE1FC62B4000C5405B /* Main.storyboard in Resources */ = {isa = PBXBuildFile; fileRef = CC4DB0DD1FC62B4000C5405B /* Main.storyboard */; };
		CC89EE361FD25A2F004ED529 /* Raleway-Medium.ttf in Resources */ = {isa = PBXBuildFile; fileRef = CC89EE351FD25A2E004ED529 /* Raleway-Medium.ttf */; };
		CC89EE381FD25A5D004ED529 /* Raleway-Thin.ttf in Resources */ = {isa = PBXBuildFile; fileRef = CC89EE371FD25A5C004ED529 /* Raleway-Thin.ttf */; };
		CC89EE3A1FD25A6C004ED529 /* Raleway-Bold.ttf in Resources */ = {isa = PBXBuildFile; fileRef = CC89EE391FD25A6B004ED529 /* Raleway-Bold.ttf */; };
		CCEF1DFA1FC62BAB00CCA5AB /* ViewControllerTransition.swift in Sources */ = {isa = PBXBuildFile; fileRef = CCEF1DF91FC62BAB00CCA5AB /* ViewControllerTransition.swift */; };
		CCEF1DFC1FC62BCD00CCA5AB /* ViewControllerResults.swift in Sources */ = {isa = PBXBuildFile; fileRef = CCEF1DFB1FC62BCD00CCA5AB /* ViewControllerResults.swift */; };
/* End PBXBuildFile section */

/* Begin PBXContainerItemProxy section */
		22A1B528200D1EDE00D7A311 /* PBXContainerItemProxy */ = {
			isa = PBXContainerItemProxy;
			containerPortal = 22A1B523200D1EDE00D7A311 /* CryptoSwift.xcodeproj */;
			proxyType = 2;
			remoteGlobalIDString = 754BE45519693E190098E6F3;
			remoteInfo = CryptoSwift;
		};
		22A1B52A200D1EDE00D7A311 /* PBXContainerItemProxy */ = {
			isa = PBXContainerItemProxy;
			containerPortal = 22A1B523200D1EDE00D7A311 /* CryptoSwift.xcodeproj */;
			proxyType = 2;
			remoteGlobalIDString = 754BE46019693E190098E6F3;
			remoteInfo = Tests;
		};
		22A1B530200D1EFA00D7A311 /* PBXContainerItemProxy */ = {
			isa = PBXContainerItemProxy;
			containerPortal = 22A1B523200D1EDE00D7A311 /* CryptoSwift.xcodeproj */;
			proxyType = 1;
			remoteGlobalIDString = 754BE45419693E190098E6F3;
			remoteInfo = CryptoSwift;
		};
		34BEF4891F8D65F1009C9F7D /* PBXContainerItemProxy */ = {
			isa = PBXContainerItemProxy;
			containerPortal = 34BEF46C1F8D65F1009C9F7D /* Project object */;
			proxyType = 1;
			remoteGlobalIDString = 34BEF4731F8D65F1009C9F7D;
			remoteInfo = fucntionalMedicineDraft;
		};
/* End PBXContainerItemProxy section */

/* Begin PBXCopyFilesBuildPhase section */
		22A1B522200D1DA300D7A311 /* Embed Frameworks */ = {
			isa = PBXCopyFilesBuildPhase;
			buildActionMask = 2147483647;
			dstPath = "";
			dstSubfolderSpec = 10;
			files = (
				22A1B52F200D1EFA00D7A311 /* CryptoSwift.framework in Embed Frameworks */,
			);
			name = "Embed Frameworks";
			runOnlyForDeploymentPostprocessing = 0;
		};
/* End PBXCopyFilesBuildPhase section */

/* Begin PBXFileReference section */
		222D8B46200C463E00362D8C /* ViewControllerPasscode.swift */ = {isa = PBXFileReference; lastKnownFileType = sourcecode.swift; path = ViewControllerPasscode.swift; sourceTree = "<group>"; };
		228E2C7D1FCB92450009619C /* ViewControllerHowToBegin.swift */ = {isa = PBXFileReference; lastKnownFileType = sourcecode.swift; path = ViewControllerHowToBegin.swift; sourceTree = "<group>"; };
		22A1B523200D1EDE00D7A311 /* CryptoSwift.xcodeproj */ = {isa = PBXFileReference; lastKnownFileType = "wrapper.pb-project"; name = CryptoSwift.xcodeproj; path = CryptoSwift/CryptoSwift.xcodeproj; sourceTree = "<group>"; };
		22B41DC01FCC827B00EE4CFE /* Supplement.swift */ = {isa = PBXFileReference; lastKnownFileType = sourcecode.swift; path = Supplement.swift; sourceTree = "<group>"; };
		22FC0CC11FA654930006EE08 /* ViewControllerMain.swift */ = {isa = PBXFileReference; lastKnownFileType = sourcecode.swift; path = ViewControllerMain.swift; sourceTree = "<group>"; };
		34BEF4741F8D65F1009C9F7D /* fucntionalMedicineDraft.app */ = {isa = PBXFileReference; explicitFileType = wrapper.application; includeInIndex = 0; path = fucntionalMedicineDraft.app; sourceTree = BUILT_PRODUCTS_DIR; };
		34BEF4771F8D65F1009C9F7D /* AppDelegate.swift */ = {isa = PBXFileReference; lastKnownFileType = sourcecode.swift; path = AppDelegate.swift; sourceTree = "<group>"; };
		34BEF47E1F8D65F1009C9F7D /* Assets.xcassets */ = {isa = PBXFileReference; lastKnownFileType = folder.assetcatalog; path = Assets.xcassets; sourceTree = "<group>"; };
		34BEF4831F8D65F1009C9F7D /* Info.plist */ = {isa = PBXFileReference; lastKnownFileType = text.plist.xml; path = Info.plist; sourceTree = "<group>"; };
		34BEF4881F8D65F1009C9F7D /* fucntionalMedicineDraftTests.xctest */ = {isa = PBXFileReference; explicitFileType = wrapper.cfbundle; includeInIndex = 0; path = fucntionalMedicineDraftTests.xctest; sourceTree = BUILT_PRODUCTS_DIR; };
		34BEF48C1F8D65F1009C9F7D /* fucntionalMedicineDraftTests.swift */ = {isa = PBXFileReference; lastKnownFileType = sourcecode.swift; path = fucntionalMedicineDraftTests.swift; sourceTree = "<group>"; };
		34BEF48E1F8D65F1009C9F7D /* Info.plist */ = {isa = PBXFileReference; lastKnownFileType = text.plist.xml; path = Info.plist; sourceTree = "<group>"; };
		CC4DB0DD1FC62B4000C5405B /* Main.storyboard */ = {isa = PBXFileReference; fileEncoding = 4; lastKnownFileType = file.storyboard; path = Main.storyboard; sourceTree = "<group>"; };
		CC89EE351FD25A2E004ED529 /* Raleway-Medium.ttf */ = {isa = PBXFileReference; lastKnownFileType = file; path = "Raleway-Medium.ttf"; sourceTree = "<group>"; };
		CC89EE371FD25A5C004ED529 /* Raleway-Thin.ttf */ = {isa = PBXFileReference; lastKnownFileType = file; path = "Raleway-Thin.ttf"; sourceTree = "<group>"; };
		CC89EE391FD25A6B004ED529 /* Raleway-Bold.ttf */ = {isa = PBXFileReference; lastKnownFileType = file; path = "Raleway-Bold.ttf"; sourceTree = "<group>"; };
		CCEF1DF91FC62BAB00CCA5AB /* ViewControllerTransition.swift */ = {isa = PBXFileReference; lastKnownFileType = sourcecode.swift; path = ViewControllerTransition.swift; sourceTree = "<group>"; };
		CCEF1DFB1FC62BCD00CCA5AB /* ViewControllerResults.swift */ = {isa = PBXFileReference; lastKnownFileType = sourcecode.swift; path = ViewControllerResults.swift; sourceTree = "<group>"; };
/* End PBXFileReference section */

/* Begin PBXFrameworksBuildPhase section */
		34BEF4711F8D65F1009C9F7D /* Frameworks */ = {
			isa = PBXFrameworksBuildPhase;
			buildActionMask = 2147483647;
			files = (
				22A1B52D200D1EEE00D7A311 /* CryptoSwift.framework in Frameworks */,
			);
			runOnlyForDeploymentPostprocessing = 0;
		};
		34BEF4851F8D65F1009C9F7D /* Frameworks */ = {
			isa = PBXFrameworksBuildPhase;
			buildActionMask = 2147483647;
			files = (
			);
			runOnlyForDeploymentPostprocessing = 0;
		};
/* End PBXFrameworksBuildPhase section */

/* Begin PBXGroup section */
		22A1B524200D1EDE00D7A311 /* Products */ = {
			isa = PBXGroup;
			children = (
				22A1B529200D1EDE00D7A311 /* CryptoSwift.framework */,
				22A1B52B200D1EDE00D7A311 /* Tests.xctest */,
			);
			name = Products;
			sourceTree = "<group>";
		};
		22A1B52C200D1EEE00D7A311 /* Frameworks */ = {
			isa = PBXGroup;
			children = (
			);
			name = Frameworks;
			sourceTree = "<group>";
		};
		34BEF46B1F8D65F1009C9F7D = {
			isa = PBXGroup;
			children = (
				22A1B523200D1EDE00D7A311 /* CryptoSwift.xcodeproj */,
				34BEF4761F8D65F1009C9F7D /* fucntionalMedicineDraft */,
				34BEF48B1F8D65F1009C9F7D /* fucntionalMedicineDraftTests */,
				34BEF4751F8D65F1009C9F7D /* Products */,
				22A1B52C200D1EEE00D7A311 /* Frameworks */,
			);
			sourceTree = "<group>";
		};
		34BEF4751F8D65F1009C9F7D /* Products */ = {
			isa = PBXGroup;
			children = (
				34BEF4741F8D65F1009C9F7D /* fucntionalMedicineDraft.app */,
				34BEF4881F8D65F1009C9F7D /* fucntionalMedicineDraftTests.xctest */,
			);
			name = Products;
			sourceTree = "<group>";
		};
		34BEF4761F8D65F1009C9F7D /* fucntionalMedicineDraft */ = {
			isa = PBXGroup;
			children = (
				222D8B46200C463E00362D8C /* ViewControllerPasscode.swift */,
				22FC0CC11FA654930006EE08 /* ViewControllerMain.swift */,
				228E2C7D1FCB92450009619C /* ViewControllerHowToBegin.swift */,
				CCEF1DF91FC62BAB00CCA5AB /* ViewControllerTransition.swift */,
				CCEF1DFB1FC62BCD00CCA5AB /* ViewControllerResults.swift */,
				34BEF4771F8D65F1009C9F7D /* AppDelegate.swift */,
				CC4DB0DD1FC62B4000C5405B /* Main.storyboard */,
				22B41DC01FCC827B00EE4CFE /* Supplement.swift */,
				CCF6E07C1FD24BA2009855C8 /* Fonts */,
				34BEF47E1F8D65F1009C9F7D /* Assets.xcassets */,
				34BEF4831F8D65F1009C9F7D /* Info.plist */,
			);
			path = fucntionalMedicineDraft;
			sourceTree = "<group>";
		};
		34BEF48B1F8D65F1009C9F7D /* fucntionalMedicineDraftTests */ = {
			isa = PBXGroup;
			children = (
				34BEF48C1F8D65F1009C9F7D /* fucntionalMedicineDraftTests.swift */,
				34BEF48E1F8D65F1009C9F7D /* Info.plist */,
			);
			path = fucntionalMedicineDraftTests;
			sourceTree = "<group>";
		};
		CCF6E07C1FD24BA2009855C8 /* Fonts */ = {
			isa = PBXGroup;
			children = (
				CC89EE351FD25A2E004ED529 /* Raleway-Medium.ttf */,
				CC89EE371FD25A5C004ED529 /* Raleway-Thin.ttf */,
				CC89EE391FD25A6B004ED529 /* Raleway-Bold.ttf */,
			);
			path = Fonts;
			sourceTree = "<group>";
		};
/* End PBXGroup section */

/* Begin PBXNativeTarget section */
		34BEF4731F8D65F1009C9F7D /* fucntionalMedicineDraft */ = {
			isa = PBXNativeTarget;
			buildConfigurationList = 34BEF4911F8D65F1009C9F7D /* Build configuration list for PBXNativeTarget "fucntionalMedicineDraft" */;
			buildPhases = (
				34BEF4701F8D65F1009C9F7D /* Sources */,
				34BEF4711F8D65F1009C9F7D /* Frameworks */,
				34BEF4721F8D65F1009C9F7D /* Resources */,
				22A1B522200D1DA300D7A311 /* Embed Frameworks */,
			);
			buildRules = (
			);
			dependencies = (
				22A1B531200D1EFA00D7A311 /* PBXTargetDependency */,
			);
			name = fucntionalMedicineDraft;
			productName = fucntionalMedicineDraft;
			productReference = 34BEF4741F8D65F1009C9F7D /* fucntionalMedicineDraft.app */;
			productType = "com.apple.product-type.application";
		};
		34BEF4871F8D65F1009C9F7D /* fucntionalMedicineDraftTests */ = {
			isa = PBXNativeTarget;
			buildConfigurationList = 34BEF4941F8D65F1009C9F7D /* Build configuration list for PBXNativeTarget "fucntionalMedicineDraftTests" */;
			buildPhases = (
				34BEF4841F8D65F1009C9F7D /* Sources */,
				34BEF4851F8D65F1009C9F7D /* Frameworks */,
				34BEF4861F8D65F1009C9F7D /* Resources */,
			);
			buildRules = (
			);
			dependencies = (
				34BEF48A1F8D65F1009C9F7D /* PBXTargetDependency */,
			);
			name = fucntionalMedicineDraftTests;
			productName = fucntionalMedicineDraftTests;
			productReference = 34BEF4881F8D65F1009C9F7D /* fucntionalMedicineDraftTests.xctest */;
			productType = "com.apple.product-type.bundle.unit-test";
		};
/* End PBXNativeTarget section */

/* Begin PBXProject section */
		34BEF46C1F8D65F1009C9F7D /* Project object */ = {
			isa = PBXProject;
			attributes = {
				LastSwiftUpdateCheck = 0900;
				LastUpgradeCheck = 0900;
				ORGANIZATIONNAME = "Gabi Stein";
				TargetAttributes = {
					34BEF4731F8D65F1009C9F7D = {
						CreatedOnToolsVersion = 9.0;
						ProvisioningStyle = Automatic;
					};
					34BEF4871F8D65F1009C9F7D = {
						CreatedOnToolsVersion = 9.0;
						ProvisioningStyle = Automatic;
						TestTargetID = 34BEF4731F8D65F1009C9F7D;
					};
				};
			};
			buildConfigurationList = 34BEF46F1F8D65F1009C9F7D /* Build configuration list for PBXProject "fucntionalMedicineDraft" */;
			compatibilityVersion = "Xcode 8.0";
			developmentRegion = en;
			hasScannedForEncodings = 0;
			knownRegions = (
				en,
				Base,
			);
			mainGroup = 34BEF46B1F8D65F1009C9F7D;
			productRefGroup = 34BEF4751F8D65F1009C9F7D /* Products */;
			projectDirPath = "";
			projectReferences = (
				{
					ProductGroup = 22A1B524200D1EDE00D7A311 /* Products */;
					ProjectRef = 22A1B523200D1EDE00D7A311 /* CryptoSwift.xcodeproj */;
				},
			);
			projectRoot = "";
			targets = (
				34BEF4731F8D65F1009C9F7D /* fucntionalMedicineDraft */,
				34BEF4871F8D65F1009C9F7D /* fucntionalMedicineDraftTests */,
			);
		};
/* End PBXProject section */

/* Begin PBXReferenceProxy section */
		22A1B529200D1EDE00D7A311 /* CryptoSwift.framework */ = {
			isa = PBXReferenceProxy;
			fileType = wrapper.framework;
			path = CryptoSwift.framework;
			remoteRef = 22A1B528200D1EDE00D7A311 /* PBXContainerItemProxy */;
			sourceTree = BUILT_PRODUCTS_DIR;
		};
		22A1B52B200D1EDE00D7A311 /* Tests.xctest */ = {
			isa = PBXReferenceProxy;
			fileType = wrapper.cfbundle;
			path = Tests.xctest;
			remoteRef = 22A1B52A200D1EDE00D7A311 /* PBXContainerItemProxy */;
			sourceTree = BUILT_PRODUCTS_DIR;
		};
/* End PBXReferenceProxy section */

/* Begin PBXResourcesBuildPhase section */
		34BEF4721F8D65F1009C9F7D /* Resources */ = {
			isa = PBXResourcesBuildPhase;
			buildActionMask = 2147483647;
			files = (
				CC89EE381FD25A5D004ED529 /* Raleway-Thin.ttf in Resources */,
				CC89EE3A1FD25A6C004ED529 /* Raleway-Bold.ttf in Resources */,
				CC89EE361FD25A2F004ED529 /* Raleway-Medium.ttf in Resources */,
				34BEF47F1F8D65F1009C9F7D /* Assets.xcassets in Resources */,
				CC4DB0DE1FC62B4000C5405B /* Main.storyboard in Resources */,
			);
			runOnlyForDeploymentPostprocessing = 0;
		};
		34BEF4861F8D65F1009C9F7D /* Resources */ = {
			isa = PBXResourcesBuildPhase;
			buildActionMask = 2147483647;
			files = (
			);
			runOnlyForDeploymentPostprocessing = 0;
		};
/* End PBXResourcesBuildPhase section */

/* Begin PBXSourcesBuildPhase section */
		34BEF4701F8D65F1009C9F7D /* Sources */ = {
			isa = PBXSourcesBuildPhase;
			buildActionMask = 2147483647;
			files = (
				CCEF1DFC1FC62BCD00CCA5AB /* ViewControllerResults.swift in Sources */,
				228E2C7E1FCB92450009619C /* ViewControllerHowToBegin.swift in Sources */,
				222D8B47200C463E00362D8C /* ViewControllerPasscode.swift in Sources */,
				22B41DC11FCC827B00EE4CFE /* Supplement.swift in Sources */,
				34BEF4781F8D65F1009C9F7D /* AppDelegate.swift in Sources */,
				22FC0CC21FA654930006EE08 /* ViewControllerMain.swift in Sources */,
				CCEF1DFA1FC62BAB00CCA5AB /* ViewControllerTransition.swift in Sources */,
			);
			runOnlyForDeploymentPostprocessing = 0;
		};
		34BEF4841F8D65F1009C9F7D /* Sources */ = {
			isa = PBXSourcesBuildPhase;
			buildActionMask = 2147483647;
			files = (
				34BEF48D1F8D65F1009C9F7D /* fucntionalMedicineDraftTests.swift in Sources */,
			);
			runOnlyForDeploymentPostprocessing = 0;
		};
/* End PBXSourcesBuildPhase section */

/* Begin PBXTargetDependency section */
		22A1B531200D1EFA00D7A311 /* PBXTargetDependency */ = {
			isa = PBXTargetDependency;
			name = CryptoSwift;
			targetProxy = 22A1B530200D1EFA00D7A311 /* PBXContainerItemProxy */;
		};
		34BEF48A1F8D65F1009C9F7D /* PBXTargetDependency */ = {
			isa = PBXTargetDependency;
			target = 34BEF4731F8D65F1009C9F7D /* fucntionalMedicineDraft */;
			targetProxy = 34BEF4891F8D65F1009C9F7D /* PBXContainerItemProxy */;
		};
/* End PBXTargetDependency section */

/* Begin XCBuildConfiguration section */
		34BEF48F1F8D65F1009C9F7D /* Debug */ = {
			isa = XCBuildConfiguration;
			buildSettings = {
				ALWAYS_SEARCH_USER_PATHS = NO;
				CLANG_ANALYZER_NONNULL = YES;
				CLANG_ANALYZER_NUMBER_OBJECT_CONVERSION = YES_AGGRESSIVE;
				CLANG_CXX_LANGUAGE_STANDARD = "gnu++14";
				CLANG_CXX_LIBRARY = "libc++";
				CLANG_ENABLE_MODULES = YES;
				CLANG_ENABLE_OBJC_ARC = YES;
				CLANG_WARN_BLOCK_CAPTURE_AUTORELEASING = YES;
				CLANG_WARN_BOOL_CONVERSION = YES;
				CLANG_WARN_COMMA = YES;
				CLANG_WARN_CONSTANT_CONVERSION = YES;
				CLANG_WARN_DIRECT_OBJC_ISA_USAGE = YES_ERROR;
				CLANG_WARN_DOCUMENTATION_COMMENTS = YES;
				CLANG_WARN_EMPTY_BODY = YES;
				CLANG_WARN_ENUM_CONVERSION = YES;
				CLANG_WARN_INFINITE_RECURSION = YES;
				CLANG_WARN_INT_CONVERSION = YES;
				CLANG_WARN_NON_LITERAL_NULL_CONVERSION = YES;
				CLANG_WARN_OBJC_LITERAL_CONVERSION = YES;
				CLANG_WARN_OBJC_ROOT_CLASS = YES_ERROR;
				CLANG_WARN_RANGE_LOOP_ANALYSIS = YES;
				CLANG_WARN_STRICT_PROTOTYPES = YES;
				CLANG_WARN_SUSPICIOUS_MOVE = YES;
				CLANG_WARN_UNGUARDED_AVAILABILITY = YES_AGGRESSIVE;
				CLANG_WARN_UNREACHABLE_CODE = YES;
				CLANG_WARN__DUPLICATE_METHOD_MATCH = YES;
				CODE_SIGN_IDENTITY = "iPhone Developer";
				COPY_PHASE_STRIP = NO;
				DEBUG_INFORMATION_FORMAT = dwarf;
				ENABLE_STRICT_OBJC_MSGSEND = YES;
				ENABLE_TESTABILITY = YES;
				GCC_C_LANGUAGE_STANDARD = gnu11;
				GCC_DYNAMIC_NO_PIC = NO;
				GCC_NO_COMMON_BLOCKS = YES;
				GCC_OPTIMIZATION_LEVEL = 0;
				GCC_PREPROCESSOR_DEFINITIONS = (
					"DEBUG=1",
					"$(inherited)",
				);
				GCC_WARN_64_TO_32_BIT_CONVERSION = YES;
				GCC_WARN_ABOUT_RETURN_TYPE = YES_ERROR;
				GCC_WARN_UNDECLARED_SELECTOR = YES;
				GCC_WARN_UNINITIALIZED_AUTOS = YES_AGGRESSIVE;
				GCC_WARN_UNUSED_FUNCTION = YES;
				GCC_WARN_UNUSED_VARIABLE = YES;
				IPHONEOS_DEPLOYMENT_TARGET = 11.0;
				MTL_ENABLE_DEBUG_INFO = YES;
				ONLY_ACTIVE_ARCH = YES;
				SDKROOT = iphoneos;
				SWIFT_ACTIVE_COMPILATION_CONDITIONS = DEBUG;
				SWIFT_OPTIMIZATION_LEVEL = "-Onone";
			};
			name = Debug;
		};
		34BEF4901F8D65F1009C9F7D /* Release */ = {
			isa = XCBuildConfiguration;
			buildSettings = {
				ALWAYS_SEARCH_USER_PATHS = NO;
				CLANG_ANALYZER_NONNULL = YES;
				CLANG_ANALYZER_NUMBER_OBJECT_CONVERSION = YES_AGGRESSIVE;
				CLANG_CXX_LANGUAGE_STANDARD = "gnu++14";
				CLANG_CXX_LIBRARY = "libc++";
				CLANG_ENABLE_MODULES = YES;
				CLANG_ENABLE_OBJC_ARC = YES;
				CLANG_WARN_BLOCK_CAPTURE_AUTORELEASING = YES;
				CLANG_WARN_BOOL_CONVERSION = YES;
				CLANG_WARN_COMMA = YES;
				CLANG_WARN_CONSTANT_CONVERSION = YES;
				CLANG_WARN_DIRECT_OBJC_ISA_USAGE = YES_ERROR;
				CLANG_WARN_DOCUMENTATION_COMMENTS = YES;
				CLANG_WARN_EMPTY_BODY = YES;
				CLANG_WARN_ENUM_CONVERSION = YES;
				CLANG_WARN_INFINITE_RECURSION = YES;
				CLANG_WARN_INT_CONVERSION = YES;
				CLANG_WARN_NON_LITERAL_NULL_CONVERSION = YES;
				CLANG_WARN_OBJC_LITERAL_CONVERSION = YES;
				CLANG_WARN_OBJC_ROOT_CLASS = YES_ERROR;
				CLANG_WARN_RANGE_LOOP_ANALYSIS = YES;
				CLANG_WARN_STRICT_PROTOTYPES = YES;
				CLANG_WARN_SUSPICIOUS_MOVE = YES;
				CLANG_WARN_UNGUARDED_AVAILABILITY = YES_AGGRESSIVE;
				CLANG_WARN_UNREACHABLE_CODE = YES;
				CLANG_WARN__DUPLICATE_METHOD_MATCH = YES;
				CODE_SIGN_IDENTITY = "iPhone Developer";
				COPY_PHASE_STRIP = NO;
				DEBUG_INFORMATION_FORMAT = "dwarf-with-dsym";
				ENABLE_NS_ASSERTIONS = NO;
				ENABLE_STRICT_OBJC_MSGSEND = YES;
				GCC_C_LANGUAGE_STANDARD = gnu11;
				GCC_NO_COMMON_BLOCKS = YES;
				GCC_WARN_64_TO_32_BIT_CONVERSION = YES;
				GCC_WARN_ABOUT_RETURN_TYPE = YES_ERROR;
				GCC_WARN_UNDECLARED_SELECTOR = YES;
				GCC_WARN_UNINITIALIZED_AUTOS = YES_AGGRESSIVE;
				GCC_WARN_UNUSED_FUNCTION = YES;
				GCC_WARN_UNUSED_VARIABLE = YES;
				IPHONEOS_DEPLOYMENT_TARGET = 11.0;
				MTL_ENABLE_DEBUG_INFO = NO;
				SDKROOT = iphoneos;
				SWIFT_OPTIMIZATION_LEVEL = "-Owholemodule";
				VALIDATE_PRODUCT = YES;
			};
			name = Release;
		};
		34BEF4921F8D65F1009C9F7D /* Debug */ = {
			isa = XCBuildConfiguration;
			buildSettings = {
				ALWAYS_EMBED_SWIFT_STANDARD_LIBRARIES = YES;
				ASSETCATALOG_COMPILER_APPICON_NAME = AppIcon;
				CODE_SIGN_STYLE = Automatic;
				INFOPLIST_FILE = fucntionalMedicineDraft/Info.plist;
				LD_RUNPATH_SEARCH_PATHS = "$(inherited) @executable_path/Frameworks";
				PRODUCT_BUNDLE_IDENTIFIER = CoolApps.fucntionalMedicineDraft;
				PRODUCT_NAME = "$(TARGET_NAME)";
				SWIFT_VERSION = 4.0;
				TARGETED_DEVICE_FAMILY = "1,2";
			};
			name = Debug;
		};
		34BEF4931F8D65F1009C9F7D /* Release */ = {
			isa = XCBuildConfiguration;
			buildSettings = {
				ALWAYS_EMBED_SWIFT_STANDARD_LIBRARIES = YES;
				ASSETCATALOG_COMPILER_APPICON_NAME = AppIcon;
				CODE_SIGN_STYLE = Automatic;
				INFOPLIST_FILE = fucntionalMedicineDraft/Info.plist;
				LD_RUNPATH_SEARCH_PATHS = "$(inherited) @executable_path/Frameworks";
				PRODUCT_BUNDLE_IDENTIFIER = CoolApps.fucntionalMedicineDraft;
				PRODUCT_NAME = "$(TARGET_NAME)";
				SWIFT_VERSION = 4.0;
				TARGETED_DEVICE_FAMILY = "1,2";
			};
			name = Release;
		};
		34BEF4951F8D65F1009C9F7D /* Debug */ = {
			isa = XCBuildConfiguration;
			buildSettings = {
				ALWAYS_EMBED_SWIFT_STANDARD_LIBRARIES = YES;
				BUNDLE_LOADER = "$(TEST_HOST)";
				CODE_SIGN_STYLE = Automatic;
				INFOPLIST_FILE = fucntionalMedicineDraftTests/Info.plist;
				LD_RUNPATH_SEARCH_PATHS = "$(inherited) @executable_path/Frameworks @loader_path/Frameworks";
				PRODUCT_BUNDLE_IDENTIFIER = CoolApps.fucntionalMedicineDraftTests;
				PRODUCT_NAME = "$(TARGET_NAME)";
				SWIFT_VERSION = 4.0;
				TARGETED_DEVICE_FAMILY = "1,2";
				TEST_HOST = "$(BUILT_PRODUCTS_DIR)/fucntionalMedicineDraft.app/fucntionalMedicineDraft";
			};
			name = Debug;
		};
		34BEF4961F8D65F1009C9F7D /* Release */ = {
			isa = XCBuildConfiguration;
			buildSettings = {
				ALWAYS_EMBED_SWIFT_STANDARD_LIBRARIES = YES;
				BUNDLE_LOADER = "$(TEST_HOST)";
				CODE_SIGN_STYLE = Automatic;
				INFOPLIST_FILE = fucntionalMedicineDraftTests/Info.plist;
				LD_RUNPATH_SEARCH_PATHS = "$(inherited) @executable_path/Frameworks @loader_path/Frameworks";
				PRODUCT_BUNDLE_IDENTIFIER = CoolApps.fucntionalMedicineDraftTests;
				PRODUCT_NAME = "$(TARGET_NAME)";
				SWIFT_VERSION = 4.0;
				TARGETED_DEVICE_FAMILY = "1,2";
				TEST_HOST = "$(BUILT_PRODUCTS_DIR)/fucntionalMedicineDraft.app/fucntionalMedicineDraft";
			};
			name = Release;
		};
/* End XCBuildConfiguration section */

/* Begin XCConfigurationList section */
		34BEF46F1F8D65F1009C9F7D /* Build configuration list for PBXProject "fucntionalMedicineDraft" */ = {
			isa = XCConfigurationList;
			buildConfigurations = (
				34BEF48F1F8D65F1009C9F7D /* Debug */,
				34BEF4901F8D65F1009C9F7D /* Release */,
			);
			defaultConfigurationIsVisible = 0;
			defaultConfigurationName = Release;
		};
		34BEF4911F8D65F1009C9F7D /* Build configuration list for PBXNativeTarget "fucntionalMedicineDraft" */ = {
			isa = XCConfigurationList;
			buildConfigurations = (
				34BEF4921F8D65F1009C9F7D /* Debug */,
				34BEF4931F8D65F1009C9F7D /* Release */,
			);
			defaultConfigurationIsVisible = 0;
			defaultConfigurationName = Release;
		};
		34BEF4941F8D65F1009C9F7D /* Build configuration list for PBXNativeTarget "fucntionalMedicineDraftTests" */ = {
			isa = XCConfigurationList;
			buildConfigurations = (
				34BEF4951F8D65F1009C9F7D /* Debug */,
				34BEF4961F8D65F1009C9F7D /* Release */,
			);
			defaultConfigurationIsVisible = 0;
			defaultConfigurationName = Release;
		};
/* End XCConfigurationList section */
	};
	rootObject = 34BEF46C1F8D65F1009C9F7D /* Project object */;
}
